
Microsoft Visual Studio Solution File, Format Version 12.00
# Visual Studio 15
VisualStudioVersion = 15.0.27428.2043
MinimumVisualStudioVersion = 10.0.40219.1
Project("{2150E333-8FDC-42A3-9474-1A3956D46DE8}") = "src", "src", "{AD469CC2-106D-4740-8D82-AF22E171924C}"
EndProject
Project("{2150E333-8FDC-42A3-9474-1A3956D46DE8}") = "tests", "tests", "{CD063E03-AB28-474A-B4BF-0072ECA929E0}"
EndProject
Project("{9A19103F-16F7-4668-BE54-9A1E7A4F7556}") = "Elan.Web", "src\Elan.Web\Elan.Web.csproj", "{174327BE-3DCC-482F-87A3-90DB84506659}"
EndProject
Project("{FAE04EC0-301F-11D3-BF4B-00C04F79EFBC}") = "Elan.Data", "src\Elan.Data\Elan.Data.csproj", "{18FA600E-EE41-4B23-8389-224826D2AB29}"
EndProject
Project("{9A19103F-16F7-4668-BE54-9A1E7A4F7556}") = "Elan.Common", "src\Elan.Common\Elan.Common.csproj", "{5AEE9B10-9F9D-4500-98FA-11190E952476}"
EndProject
Project("{FAE04EC0-301F-11D3-BF4B-00C04F79EFBC}") = "Elan.Account", "src\Elan.Account\Elan.Account.csproj", "{65693948-61F5-45DE-A27A-1D4DF5400C9E}"
EndProject
Global
	GlobalSection(SolutionConfigurationPlatforms) = preSolution
		Debug|Any CPU = Debug|Any CPU
		Release|Any CPU = Release|Any CPU
	EndGlobalSection
	GlobalSection(ProjectConfigurationPlatforms) = postSolution
		{174327BE-3DCC-482F-87A3-90DB84506659}.Debug|Any CPU.ActiveCfg = Debug|Any CPU
		{174327BE-3DCC-482F-87A3-90DB84506659}.Debug|Any CPU.Build.0 = Debug|Any CPU
		{174327BE-3DCC-482F-87A3-90DB84506659}.Release|Any CPU.ActiveCfg = Release|Any CPU
		{174327BE-3DCC-482F-87A3-90DB84506659}.Release|Any CPU.Build.0 = Release|Any CPU
		{18FA600E-EE41-4B23-8389-224826D2AB29}.Debug|Any CPU.ActiveCfg = Debug|Any CPU
		{18FA600E-EE41-4B23-8389-224826D2AB29}.Debug|Any CPU.Build.0 = Debug|Any CPU
		{18FA600E-EE41-4B23-8389-224826D2AB29}.Release|Any CPU.ActiveCfg = Release|Any CPU
		{18FA600E-EE41-4B23-8389-224826D2AB29}.Release|Any CPU.Build.0 = Release|Any CPU
		{5AEE9B10-9F9D-4500-98FA-11190E952476}.Debug|Any CPU.ActiveCfg = Debug|Any CPU
		{5AEE9B10-9F9D-4500-98FA-11190E952476}.Debug|Any CPU.Build.0 = Debug|Any CPU
		{5AEE9B10-9F9D-4500-98FA-11190E952476}.Release|Any CPU.ActiveCfg = Release|Any CPU
		{5AEE9B10-9F9D-4500-98FA-11190E952476}.Release|Any CPU.Build.0 = Release|Any CPU
		{65693948-61F5-45DE-A27A-1D4DF5400C9E}.Debug|Any CPU.ActiveCfg = Debug|Any CPU
		{65693948-61F5-45DE-A27A-1D4DF5400C9E}.Debug|Any CPU.Build.0 = Debug|Any CPU
		{65693948-61F5-45DE-A27A-1D4DF5400C9E}.Release|Any CPU.ActiveCfg = Release|Any CPU
		{65693948-61F5-45DE-A27A-1D4DF5400C9E}.Release|Any CPU.Build.0 = Release|Any CPU
	EndGlobalSection
	GlobalSection(SolutionProperties) = preSolution
		HideSolutionNode = FALSE
	EndGlobalSection
	GlobalSection(NestedProjects) = preSolution
		{174327BE-3DCC-482F-87A3-90DB84506659} = {AD469CC2-106D-4740-8D82-AF22E171924C}
		{18FA600E-EE41-4B23-8389-224826D2AB29} = {AD469CC2-106D-4740-8D82-AF22E171924C}
		{5AEE9B10-9F9D-4500-98FA-11190E952476} = {AD469CC2-106D-4740-8D82-AF22E171924C}
		{65693948-61F5-45DE-A27A-1D4DF5400C9E} = {AD469CC2-106D-4740-8D82-AF22E171924C}
	EndGlobalSection
	GlobalSection(ExtensibilityGlobals) = postSolution
		SolutionGuid = {CA74AEDB-D0A3-4E7B-8FD3-144995AE5141}
	EndGlobalSection
EndGlobal
